
Microsoft Visual Studio Solution File, Format Version 12.00
# Visual Studio Version 17
VisualStudioVersion = 17.3.32929.385
MinimumVisualStudioVersion = 10.0.40219.1
Project("{2150E333-8FDC-42A3-9474-1A3956D46DE8}") = "1 - Application", "1 - Application", "{CD65F934-B0F1-4DDB-902C-891D2CD39152}"
EndProject
Project("{2150E333-8FDC-42A3-9474-1A3956D46DE8}") = "2 - Infrastructure", "2 - Infrastructure", "{EF01C01D-D60B-4561-9E08-0A6999B6C29C}"
EndProject
Project("{2150E333-8FDC-42A3-9474-1A3956D46DE8}") = "5 - Tests", "5 - Tests", "{DAE1CA26-977A-4E86-8A39-07785293760A}"
EndProject
Project("{2150E333-8FDC-42A3-9474-1A3956D46DE8}") = "Unit", "Unit", "{EAB12495-F815-4A77-9A6D-A27DF373B099}"
EndProject
Project("{9A19103F-16F7-4668-BE54-9A1E7A4F7556}") = "Dti.HospitalDDD.Unit.Tests", "Tests\Dti.HospitalDDD.Unit.Tests\Dti.HospitalDDD.Unit.Tests.csproj", "{8479680A-A2A6-42C7-A00C-720686F3CCA1}"
EndProject
Project("{9A19103F-16F7-4668-BE54-9A1E7A4F7556}") = "Dti.HospitalDDD.Atendimento.Domain", "src\atendimento\Dti.HospitalDDD.Atendimento.Domain\Dti.HospitalDDD.Atendimento.Domain.csproj", "{7B7181E2-A38C-4F5F-83FA-8FE164713C3E}"
EndProject
Project("{9A19103F-16F7-4668-BE54-9A1E7A4F7556}") = "Dti.HospitalDDD.Core", "src\core\Dti.HospitalDDD.Core\Dti.HospitalDDD.Core.csproj", "{EE5728FB-189F-4548-8337-811827F253DE}"
EndProject
Project("{9A19103F-16F7-4668-BE54-9A1E7A4F7556}") = "Dti.HospitalDDD.Adapter.Api", "src\Dti.HospitalDDD.Api\Dti.HospitalDDD.Adapter.Api.csproj", "{5C0683AF-35E0-46F1-891A-C6DDD9CE2DFB}"
EndProject
Project("{2150E333-8FDC-42A3-9474-1A3956D46DE8}") = "Integration", "Integration", "{C9418CA2-6AC5-4AB4-8AA5-32ADC3D5B573}"
EndProject
Project("{9A19103F-16F7-4668-BE54-9A1E7A4F7556}") = "Dti.HospitalDDD.Integration.Tests", "Tests\Dti.HospitalDDD.Integration.Tests\Dti.HospitalDDD.Integration.Tests.csproj", "{2E5F7658-CAEF-4627-B15D-4596C7C4420D}"
EndProject
Project("{2150E333-8FDC-42A3-9474-1A3956D46DE8}") = "Core", "Core", "{807DB07E-0985-44F2-AC71-D3BCB05CA09E}"
EndProject
Project("{9A19103F-16F7-4668-BE54-9A1E7A4F7556}") = "Dti.HospitalDDD.Core.Tests.Helper", "Tests\Dti.HospitalDDD.Core.Tests.Helper\Dti.HospitalDDD.Core.Tests.Helper.csproj", "{CB941FEC-FAB4-47AD-B140-551A030A236F}"
EndProject
Project("{9A19103F-16F7-4668-BE54-9A1E7A4F7556}") = "Dti.HospitalDDD.Adapter.DataAccess", "src\atendimento\Dti.HospitalDDD.Infrastructure\Dti.HospitalDDD.Adapter.DataAccess.csproj", "{1A9341F6-2BEF-4A1A-A873-6671E20A2509}"
EndProject
Project("{2150E333-8FDC-42A3-9474-1A3956D46DE8}") = "Ports", "Ports", "{396EA77B-519C-4C54-8816-60888BF80B77}"
EndProject
Project("{2150E333-8FDC-42A3-9474-1A3956D46DE8}") = "In", "In", "{A633FF53-8760-48F8-A32F-8F7457664EDE}"
EndProject
Project("{2150E333-8FDC-42A3-9474-1A3956D46DE8}") = "Out", "Out", "{3CE4FD72-6F08-4AA9-8985-482ED188B2E0}"
EndProject
Project("{2150E333-8FDC-42A3-9474-1A3956D46DE8}") = "1.1 - DomainModel", "1.1 - DomainModel", "{40DC9D64-79B2-4698-B57B-6C3C0EB23404}"
EndProject
Project("{2150E333-8FDC-42A3-9474-1A3956D46DE8}") = "1.2 - UseCase", "1.2 - UseCase", "{FAFC66A3-7490-4786-957D-A17188583FFB}"
EndProject
Project("{FAE04EC0-301F-11D3-BF4B-00C04F79EFBC}") = "Dti.HospitalDDD.Atendimento.Application", "src\Dti.HospitalDDD.Application\Dti.HospitalDDD.Atendimento.Application.csproj", "{2C57F1B7-0B1E-4901-8E95-528925BAC799}"
EndProject
Global
	GlobalSection(SolutionConfigurationPlatforms) = preSolution
		Debug|Any CPU = Debug|Any CPU
		Release|Any CPU = Release|Any CPU
	EndGlobalSection
	GlobalSection(ProjectConfigurationPlatforms) = postSolution
		{8479680A-A2A6-42C7-A00C-720686F3CCA1}.Debug|Any CPU.ActiveCfg = Debug|Any CPU
		{8479680A-A2A6-42C7-A00C-720686F3CCA1}.Debug|Any CPU.Build.0 = Debug|Any CPU
		{8479680A-A2A6-42C7-A00C-720686F3CCA1}.Release|Any CPU.ActiveCfg = Release|Any CPU
		{8479680A-A2A6-42C7-A00C-720686F3CCA1}.Release|Any CPU.Build.0 = Release|Any CPU
		{7B7181E2-A38C-4F5F-83FA-8FE164713C3E}.Debug|Any CPU.ActiveCfg = Debug|Any CPU
		{7B7181E2-A38C-4F5F-83FA-8FE164713C3E}.Debug|Any CPU.Build.0 = Debug|Any CPU
		{7B7181E2-A38C-4F5F-83FA-8FE164713C3E}.Release|Any CPU.ActiveCfg = Release|Any CPU
		{7B7181E2-A38C-4F5F-83FA-8FE164713C3E}.Release|Any CPU.Build.0 = Release|Any CPU
		{EE5728FB-189F-4548-8337-811827F253DE}.Debug|Any CPU.ActiveCfg = Debug|Any CPU
		{EE5728FB-189F-4548-8337-811827F253DE}.Debug|Any CPU.Build.0 = Debug|Any CPU
		{EE5728FB-189F-4548-8337-811827F253DE}.Release|Any CPU.ActiveCfg = Release|Any CPU
		{EE5728FB-189F-4548-8337-811827F253DE}.Release|Any CPU.Build.0 = Release|Any CPU
		{5C0683AF-35E0-46F1-891A-C6DDD9CE2DFB}.Debug|Any CPU.ActiveCfg = Debug|Any CPU
		{5C0683AF-35E0-46F1-891A-C6DDD9CE2DFB}.Debug|Any CPU.Build.0 = Debug|Any CPU
		{5C0683AF-35E0-46F1-891A-C6DDD9CE2DFB}.Release|Any CPU.ActiveCfg = Release|Any CPU
		{5C0683AF-35E0-46F1-891A-C6DDD9CE2DFB}.Release|Any CPU.Build.0 = Release|Any CPU
		{2E5F7658-CAEF-4627-B15D-4596C7C4420D}.Debug|Any CPU.ActiveCfg = Debug|Any CPU
		{2E5F7658-CAEF-4627-B15D-4596C7C4420D}.Debug|Any CPU.Build.0 = Debug|Any CPU
		{2E5F7658-CAEF-4627-B15D-4596C7C4420D}.Release|Any CPU.ActiveCfg = Release|Any CPU
		{2E5F7658-CAEF-4627-B15D-4596C7C4420D}.Release|Any CPU.Build.0 = Release|Any CPU
		{CB941FEC-FAB4-47AD-B140-551A030A236F}.Debug|Any CPU.ActiveCfg = Debug|Any CPU
		{CB941FEC-FAB4-47AD-B140-551A030A236F}.Debug|Any CPU.Build.0 = Debug|Any CPU
		{CB941FEC-FAB4-47AD-B140-551A030A236F}.Release|Any CPU.ActiveCfg = Release|Any CPU
		{CB941FEC-FAB4-47AD-B140-551A030A236F}.Release|Any CPU.Build.0 = Release|Any CPU
		{1A9341F6-2BEF-4A1A-A873-6671E20A2509}.Debug|Any CPU.ActiveCfg = Debug|Any CPU
		{1A9341F6-2BEF-4A1A-A873-6671E20A2509}.Debug|Any CPU.Build.0 = Debug|Any CPU
		{1A9341F6-2BEF-4A1A-A873-6671E20A2509}.Release|Any CPU.ActiveCfg = Release|Any CPU
		{1A9341F6-2BEF-4A1A-A873-6671E20A2509}.Release|Any CPU.Build.0 = Release|Any CPU
		{2C57F1B7-0B1E-4901-8E95-528925BAC799}.Debug|Any CPU.ActiveCfg = Debug|Any CPU
		{2C57F1B7-0B1E-4901-8E95-528925BAC799}.Debug|Any CPU.Build.0 = Debug|Any CPU
		{2C57F1B7-0B1E-4901-8E95-528925BAC799}.Release|Any CPU.ActiveCfg = Release|Any CPU
		{2C57F1B7-0B1E-4901-8E95-528925BAC799}.Release|Any CPU.Build.0 = Release|Any CPU
	EndGlobalSection
	GlobalSection(SolutionProperties) = preSolution
		HideSolutionNode = FALSE
	EndGlobalSection
	GlobalSection(NestedProjects) = preSolution
		{EAB12495-F815-4A77-9A6D-A27DF373B099} = {DAE1CA26-977A-4E86-8A39-07785293760A}
		{8479680A-A2A6-42C7-A00C-720686F3CCA1} = {EAB12495-F815-4A77-9A6D-A27DF373B099}
		{7B7181E2-A38C-4F5F-83FA-8FE164713C3E} = {40DC9D64-79B2-4698-B57B-6C3C0EB23404}
		{EE5728FB-189F-4548-8337-811827F253DE} = {40DC9D64-79B2-4698-B57B-6C3C0EB23404}
		{5C0683AF-35E0-46F1-891A-C6DDD9CE2DFB} = {A633FF53-8760-48F8-A32F-8F7457664EDE}
		{C9418CA2-6AC5-4AB4-8AA5-32ADC3D5B573} = {DAE1CA26-977A-4E86-8A39-07785293760A}
		{2E5F7658-CAEF-4627-B15D-4596C7C4420D} = {C9418CA2-6AC5-4AB4-8AA5-32ADC3D5B573}
		{807DB07E-0985-44F2-AC71-D3BCB05CA09E} = {DAE1CA26-977A-4E86-8A39-07785293760A}
		{CB941FEC-FAB4-47AD-B140-551A030A236F} = {807DB07E-0985-44F2-AC71-D3BCB05CA09E}
		{1A9341F6-2BEF-4A1A-A873-6671E20A2509} = {3CE4FD72-6F08-4AA9-8985-482ED188B2E0}
		{396EA77B-519C-4C54-8816-60888BF80B77} = {EF01C01D-D60B-4561-9E08-0A6999B6C29C}
		{A633FF53-8760-48F8-A32F-8F7457664EDE} = {396EA77B-519C-4C54-8816-60888BF80B77}
		{3CE4FD72-6F08-4AA9-8985-482ED188B2E0} = {396EA77B-519C-4C54-8816-60888BF80B77}
		{40DC9D64-79B2-4698-B57B-6C3C0EB23404} = {CD65F934-B0F1-4DDB-902C-891D2CD39152}
		{FAFC66A3-7490-4786-957D-A17188583FFB} = {CD65F934-B0F1-4DDB-902C-891D2CD39152}
		{2C57F1B7-0B1E-4901-8E95-528925BAC799} = {FAFC66A3-7490-4786-957D-A17188583FFB}
	EndGlobalSection
	GlobalSection(ExtensibilityGlobals) = postSolution
		SolutionGuid = {B1F967C8-AF7C-434F-8791-44D3075BD9D3}
	EndGlobalSection
EndGlobal
